
Microsoft Visual Studio Solution File, Format Version 12.00
# Visual Studio Version 17
VisualStudioVersion = 17.4.33213.308
MinimumVisualStudioVersion = 10.0.40219.1
Project("{FAE04EC0-301F-11D3-BF4B-00C04F79EFBC}") = "Soporte Tickets", "Soporte Tickets\Soporte Tickets.csproj", "{DE168FB4-3ED5-4641-B714-B82391D38362}"
EndProject
Global
	GlobalSection(SolutionConfigurationPlatforms) = preSolution
		Debug|Any CPU = Debug|Any CPU
		Release|Any CPU = Release|Any CPU
	EndGlobalSection
	GlobalSection(ProjectConfigurationPlatforms) = postSolution
		{DE168FB4-3ED5-4641-B714-B82391D38362}.Debug|Any CPU.ActiveCfg = Debug|Any CPU
		{DE168FB4-3ED5-4641-B714-B82391D38362}.Debug|Any CPU.Build.0 = Debug|Any CPU
		{DE168FB4-3ED5-4641-B714-B82391D38362}.Release|Any CPU.ActiveCfg = Release|Any CPU
		{DE168FB4-3ED5-4641-B714-B82391D38362}.Release|Any CPU.Build.0 = Release|Any CPU
	EndGlobalSection
	GlobalSection(SolutionProperties) = preSolution
		HideSolutionNode = FALSE
	EndGlobalSection
	GlobalSection(ExtensibilityGlobals) = postSolution
		SolutionGuid = {2E3ABDE8-82E3-4734-95BA-BE6E0D7B2598}
	EndGlobalSection
EndGlobal
